// !$*UTF8*$!
{
	archiveVersion = 1;
	classes = {
	};
	objectVersion = 56;
	objects = {

/* Begin PBXBuildFile section */
		B2698DFE2C08F1EA00E96520 /* FirebaseAuth in Frameworks */ = {isa = PBXBuildFile; productRef = B2698DFD2C08F1EA00E96520 /* FirebaseAuth */; };
		B2698E002C08F1EA00E96520 /* FirebaseFirestore in Frameworks */ = {isa = PBXBuildFile; productRef = B2698DFF2C08F1EA00E96520 /* FirebaseFirestore */; };
		B2698E022C08F1EA00E96520 /* FirebaseFirestoreSwift in Frameworks */ = {isa = PBXBuildFile; productRef = B2698E012C08F1EA00E96520 /* FirebaseFirestoreSwift */; };
		B2698E042C08F36300E96520 /* GoogleService-Info.plist in Resources */ = {isa = PBXBuildFile; fileRef = B2698E032C08F36300E96520 /* GoogleService-Info.plist */; };
		B2698E0A2C08F61800E96520 /* ProfileView.swift in Sources */ = {isa = PBXBuildFile; fileRef = B2698E092C08F61800E96520 /* ProfileView.swift */; };
		B2698E0C2C08F62D00E96520 /* ToDoListView.swift in Sources */ = {isa = PBXBuildFile; fileRef = B2698E0B2C08F62D00E96520 /* ToDoListView.swift */; };
		B2698E0E2C08F63700E96520 /* NewItemView.swift in Sources */ = {isa = PBXBuildFile; fileRef = B2698E0D2C08F63700E96520 /* NewItemView.swift */; };
		B2698E102C08F63F00E96520 /* LoginView.swift in Sources */ = {isa = PBXBuildFile; fileRef = B2698E0F2C08F63F00E96520 /* LoginView.swift */; };
		B2698E122C08F64700E96520 /* RegisterView.swift in Sources */ = {isa = PBXBuildFile; fileRef = B2698E112C08F64700E96520 /* RegisterView.swift */; };
		B2698E142C08F67200E96520 /* ToDoListItemView.swift in Sources */ = {isa = PBXBuildFile; fileRef = B2698E132C08F67200E96520 /* ToDoListItemView.swift */; };
		B2698E162C08F6F600E96520 /* User.swift in Sources */ = {isa = PBXBuildFile; fileRef = B2698E152C08F6F600E96520 /* User.swift */; };
		B2698E182C08F70300E96520 /* ToDoListItem.swift in Sources */ = {isa = PBXBuildFile; fileRef = B2698E172C08F70300E96520 /* ToDoListItem.swift */; };
		B2698E1A2C08F76E00E96520 /* MainViewViewModel.swift in Sources */ = {isa = PBXBuildFile; fileRef = B2698E192C08F76E00E96520 /* MainViewViewModel.swift */; };
		B2698E1C2C08F78000E96520 /* ProfileViewViewModel.swift in Sources */ = {isa = PBXBuildFile; fileRef = B2698E1B2C08F78000E96520 /* ProfileViewViewModel.swift */; };
		B2698E1E2C08F78A00E96520 /* ToDoListViewViewModel.swift in Sources */ = {isa = PBXBuildFile; fileRef = B2698E1D2C08F78A00E96520 /* ToDoListViewViewModel.swift */; };
		B2698E202C08F79300E96520 /* NewItemViewViewModel.swift in Sources */ = {isa = PBXBuildFile; fileRef = B2698E1F2C08F79300E96520 /* NewItemViewViewModel.swift */; };
		B2698E222C08F79E00E96520 /* LoginViewViewModel.swift in Sources */ = {isa = PBXBuildFile; fileRef = B2698E212C08F79E00E96520 /* LoginViewViewModel.swift */; };
		B2698E242C08F7A500E96520 /* RegisterViewViewModel.swift in Sources */ = {isa = PBXBuildFile; fileRef = B2698E232C08F7A500E96520 /* RegisterViewViewModel.swift */; };
		B2698E262C08F7B100E96520 /* ToDoListItemViewViewModel.swift in Sources */ = {isa = PBXBuildFile; fileRef = B2698E252C08F7B100E96520 /* ToDoListItemViewViewModel.swift */; };
		B2EAA1482C08EEFA00A0C1DD /* TodoListApp.swift in Sources */ = {isa = PBXBuildFile; fileRef = B2EAA1472C08EEFA00A0C1DD /* TodoListApp.swift */; };
		B2EAA14A2C08EEFA00A0C1DD /* MainView.swift in Sources */ = {isa = PBXBuildFile; fileRef = B2EAA1492C08EEFA00A0C1DD /* MainView.swift */; };
		B2EAA14C2C08EEFA00A0C1DD /* Assets.xcassets in Resources */ = {isa = PBXBuildFile; fileRef = B2EAA14B2C08EEFA00A0C1DD /* Assets.xcassets */; };
		B2EAA14F2C08EEFA00A0C1DD /* Preview Assets.xcassets in Resources */ = {isa = PBXBuildFile; fileRef = B2EAA14E2C08EEFA00A0C1DD /* Preview Assets.xcassets */; };
		B2EE2CE42C2B71A900AF3547 /* HeaderView.swift in Sources */ = {isa = PBXBuildFile; fileRef = B2EE2CE32C2B71A900AF3547 /* HeaderView.swift */; };
/* End PBXBuildFile section */

/* Begin PBXFileReference section */
		B2698E032C08F36300E96520 /* GoogleService-Info.plist */ = {isa = PBXFileReference; fileEncoding = 4; lastKnownFileType = text.plist.xml; path = "GoogleService-Info.plist"; sourceTree = "<group>"; };
		B2698E092C08F61800E96520 /* ProfileView.swift */ = {isa = PBXFileReference; lastKnownFileType = sourcecode.swift; path = ProfileView.swift; sourceTree = "<group>"; };
		B2698E0B2C08F62D00E96520 /* ToDoListView.swift */ = {isa = PBXFileReference; lastKnownFileType = sourcecode.swift; path = ToDoListView.swift; sourceTree = "<group>"; };
		B2698E0D2C08F63700E96520 /* NewItemView.swift */ = {isa = PBXFileReference; lastKnownFileType = sourcecode.swift; path = NewItemView.swift; sourceTree = "<group>"; };
		B2698E0F2C08F63F00E96520 /* LoginView.swift */ = {isa = PBXFileReference; lastKnownFileType = sourcecode.swift; path = LoginView.swift; sourceTree = "<group>"; };
		B2698E112C08F64700E96520 /* RegisterView.swift */ = {isa = PBXFileReference; lastKnownFileType = sourcecode.swift; path = RegisterView.swift; sourceTree = "<group>"; };
		B2698E132C08F67200E96520 /* ToDoListItemView.swift */ = {isa = PBXFileReference; lastKnownFileType = sourcecode.swift; path = ToDoListItemView.swift; sourceTree = "<group>"; };
		B2698E152C08F6F600E96520 /* User.swift */ = {isa = PBXFileReference; lastKnownFileType = sourcecode.swift; path = User.swift; sourceTree = "<group>"; };
		B2698E172C08F70300E96520 /* ToDoListItem.swift */ = {isa = PBXFileReference; lastKnownFileType = sourcecode.swift; path = ToDoListItem.swift; sourceTree = "<group>"; };
		B2698E192C08F76E00E96520 /* MainViewViewModel.swift */ = {isa = PBXFileReference; lastKnownFileType = sourcecode.swift; path = MainViewViewModel.swift; sourceTree = "<group>"; };
		B2698E1B2C08F78000E96520 /* ProfileViewViewModel.swift */ = {isa = PBXFileReference; lastKnownFileType = sourcecode.swift; path = ProfileViewViewModel.swift; sourceTree = "<group>"; };
		B2698E1D2C08F78A00E96520 /* ToDoListViewViewModel.swift */ = {isa = PBXFileReference; lastKnownFileType = sourcecode.swift; path = ToDoListViewViewModel.swift; sourceTree = "<group>"; };
		B2698E1F2C08F79300E96520 /* NewItemViewViewModel.swift */ = {isa = PBXFileReference; lastKnownFileType = sourcecode.swift; path = NewItemViewViewModel.swift; sourceTree = "<group>"; };
		B2698E212C08F79E00E96520 /* LoginViewViewModel.swift */ = {isa = PBXFileReference; lastKnownFileType = sourcecode.swift; path = LoginViewViewModel.swift; sourceTree = "<group>"; };
		B2698E232C08F7A500E96520 /* RegisterViewViewModel.swift */ = {isa = PBXFileReference; lastKnownFileType = sourcecode.swift; path = RegisterViewViewModel.swift; sourceTree = "<group>"; };
		B2698E252C08F7B100E96520 /* ToDoListItemViewViewModel.swift */ = {isa = PBXFileReference; lastKnownFileType = sourcecode.swift; path = ToDoListItemViewViewModel.swift; sourceTree = "<group>"; };
		B2EAA1442C08EEFA00A0C1DD /* TodoList.app */ = {isa = PBXFileReference; explicitFileType = wrapper.application; includeInIndex = 0; path = TodoList.app; sourceTree = BUILT_PRODUCTS_DIR; };
		B2EAA1472C08EEFA00A0C1DD /* TodoListApp.swift */ = {isa = PBXFileReference; lastKnownFileType = sourcecode.swift; path = TodoListApp.swift; sourceTree = "<group>"; };
		B2EAA1492C08EEFA00A0C1DD /* MainView.swift */ = {isa = PBXFileReference; lastKnownFileType = sourcecode.swift; path = MainView.swift; sourceTree = "<group>"; };
		B2EAA14B2C08EEFA00A0C1DD /* Assets.xcassets */ = {isa = PBXFileReference; lastKnownFileType = folder.assetcatalog; path = Assets.xcassets; sourceTree = "<group>"; };
		B2EAA14E2C08EEFA00A0C1DD /* Preview Assets.xcassets */ = {isa = PBXFileReference; lastKnownFileType = folder.assetcatalog; path = "Preview Assets.xcassets"; sourceTree = "<group>"; };
		B2EE2CE32C2B71A900AF3547 /* HeaderView.swift */ = {isa = PBXFileReference; lastKnownFileType = sourcecode.swift; path = HeaderView.swift; sourceTree = "<group>"; };
/* End PBXFileReference section */

/* Begin PBXFrameworksBuildPhase section */
		B2EAA1412C08EEFA00A0C1DD /* Frameworks */ = {
			isa = PBXFrameworksBuildPhase;
			buildActionMask = 2147483647;
			files = (
				B2698DFE2C08F1EA00E96520 /* FirebaseAuth in Frameworks */,
				B2698E002C08F1EA00E96520 /* FirebaseFirestore in Frameworks */,
				B2698E022C08F1EA00E96520 /* FirebaseFirestoreSwift in Frameworks */,
			);
			runOnlyForDeploymentPostprocessing = 0;
		};
/* End PBXFrameworksBuildPhase section */

/* Begin PBXGroup section */
		B2698E052C08F46D00E96520 /* Views */ = {
			isa = PBXGroup;
			children = (
				B2EAA1492C08EEFA00A0C1DD /* MainView.swift */,
				B2698E092C08F61800E96520 /* ProfileView.swift */,
				B2698E0B2C08F62D00E96520 /* ToDoListView.swift */,
				B2698E0D2C08F63700E96520 /* NewItemView.swift */,
				B2698E0F2C08F63F00E96520 /* LoginView.swift */,
				B2698E112C08F64700E96520 /* RegisterView.swift */,
				B2698E132C08F67200E96520 /* ToDoListItemView.swift */,
				B2EE2CE32C2B71A900AF3547 /* HeaderView.swift */,
			);
			path = Views;
			sourceTree = "<group>";
		};
		B2698E062C08F47B00E96520 /* ViewModels */ = {
			isa = PBXGroup;
			children = (
				B2698E192C08F76E00E96520 /* MainViewViewModel.swift */,
				B2698E1B2C08F78000E96520 /* ProfileViewViewModel.swift */,
				B2698E1D2C08F78A00E96520 /* ToDoListViewViewModel.swift */,
				B2698E1F2C08F79300E96520 /* NewItemViewViewModel.swift */,
				B2698E212C08F79E00E96520 /* LoginViewViewModel.swift */,
				B2698E232C08F7A500E96520 /* RegisterViewViewModel.swift */,
				B2698E252C08F7B100E96520 /* ToDoListItemViewViewModel.swift */,
			);
			path = ViewModels;
			sourceTree = "<group>";
		};
		B2698E072C08F48200E96520 /* Models */ = {
			isa = PBXGroup;
			children = (
				B2698E152C08F6F600E96520 /* User.swift */,
				B2698E172C08F70300E96520 /* ToDoListItem.swift */,
			);
			path = Models;
			sourceTree = "<group>";
		};
		B2698E082C08F49700E96520 /* Other */ = {
			isa = PBXGroup;
			children = (
				B2EAA14B2C08EEFA00A0C1DD /* Assets.xcassets */,
				B2EAA1472C08EEFA00A0C1DD /* TodoListApp.swift */,
				B2698E032C08F36300E96520 /* GoogleService-Info.plist */,
			);
			path = Other;
			sourceTree = "<group>";
		};
		B2EAA13B2C08EEFA00A0C1DD = {
			isa = PBXGroup;
			children = (
				B2EAA1462C08EEFA00A0C1DD /* TodoList */,
				B2EAA1452C08EEFA00A0C1DD /* Products */,
			);
			sourceTree = "<group>";
		};
		B2EAA1452C08EEFA00A0C1DD /* Products */ = {
			isa = PBXGroup;
			children = (
				B2EAA1442C08EEFA00A0C1DD /* TodoList.app */,
			);
			name = Products;
			sourceTree = "<group>";
		};
		B2EAA1462C08EEFA00A0C1DD /* TodoList */ = {
			isa = PBXGroup;
			children = (
				B2698E082C08F49700E96520 /* Other */,
				B2698E072C08F48200E96520 /* Models */,
				B2698E062C08F47B00E96520 /* ViewModels */,
				B2698E052C08F46D00E96520 /* Views */,
				B2EAA14D2C08EEFA00A0C1DD /* Preview Content */,
			);
			path = TodoList;
			sourceTree = "<group>";
		};
		B2EAA14D2C08EEFA00A0C1DD /* Preview Content */ = {
			isa = PBXGroup;
			children = (
				B2EAA14E2C08EEFA00A0C1DD /* Preview Assets.xcassets */,
			);
			path = "Preview Content";
			sourceTree = "<group>";
		};
/* End PBXGroup section */

/* Begin PBXNativeTarget section */
		B2EAA1432C08EEFA00A0C1DD /* TodoList */ = {
			isa = PBXNativeTarget;
			buildConfigurationList = B2EAA1522C08EEFA00A0C1DD /* Build configuration list for PBXNativeTarget "TodoList" */;
			buildPhases = (
				B2EAA1402C08EEFA00A0C1DD /* Sources */,
				B2EAA1412C08EEFA00A0C1DD /* Frameworks */,
				B2EAA1422C08EEFA00A0C1DD /* Resources */,
			);
			buildRules = (
			);
			dependencies = (
			);
			name = TodoList;
			packageProductDependencies = (
				B2698DFD2C08F1EA00E96520 /* FirebaseAuth */,
				B2698DFF2C08F1EA00E96520 /* FirebaseFirestore */,
				B2698E012C08F1EA00E96520 /* FirebaseFirestoreSwift */,
			);
			productName = TodoList;
			productReference = B2EAA1442C08EEFA00A0C1DD /* TodoList.app */;
			productType = "com.apple.product-type.application";
		};
/* End PBXNativeTarget section */

/* Begin PBXProject section */
		B2EAA13C2C08EEFA00A0C1DD /* Project object */ = {
			isa = PBXProject;
			attributes = {
				BuildIndependentTargetsInParallel = 1;
				LastSwiftUpdateCheck = 1540;
				LastUpgradeCheck = 1540;
				TargetAttributes = {
					B2EAA1432C08EEFA00A0C1DD = {
						CreatedOnToolsVersion = 15.4;
					};
				};
			};
			buildConfigurationList = B2EAA13F2C08EEFA00A0C1DD /* Build configuration list for PBXProject "TodoList" */;
			compatibilityVersion = "Xcode 14.0";
			developmentRegion = en;
			hasScannedForEncodings = 0;
			knownRegions = (
				en,
				Base,
			);
			mainGroup = B2EAA13B2C08EEFA00A0C1DD;
			packageReferences = (
				B2698DFC2C08F1EA00E96520 /* XCRemoteSwiftPackageReference "firebase-ios-sdk" */,
			);
			productRefGroup = B2EAA1452C08EEFA00A0C1DD /* Products */;
			projectDirPath = "";
			projectRoot = "";
			targets = (
				B2EAA1432C08EEFA00A0C1DD /* TodoList */,
			);
		};
/* End PBXProject section */

/* Begin PBXResourcesBuildPhase section */
		B2EAA1422C08EEFA00A0C1DD /* Resources */ = {
			isa = PBXResourcesBuildPhase;
			buildActionMask = 2147483647;
			files = (
				B2EAA14F2C08EEFA00A0C1DD /* Preview Assets.xcassets in Resources */,
				B2698E042C08F36300E96520 /* GoogleService-Info.plist in Resources */,
				B2EAA14C2C08EEFA00A0C1DD /* Assets.xcassets in Resources */,
			);
			runOnlyForDeploymentPostprocessing = 0;
		};
/* End PBXResourcesBuildPhase section */

/* Begin PBXSourcesBuildPhase section */
		B2EAA1402C08EEFA00A0C1DD /* Sources */ = {
			isa = PBXSourcesBuildPhase;
			buildActionMask = 2147483647;
			files = (
				B2698E102C08F63F00E96520 /* LoginView.swift in Sources */,
				B2EE2CE42C2B71A900AF3547 /* HeaderView.swift in Sources */,
				B2EAA14A2C08EEFA00A0C1DD /* MainView.swift in Sources */,
				B2698E242C08F7A500E96520 /* RegisterViewViewModel.swift in Sources */,
				B2698E1A2C08F76E00E96520 /* MainViewViewModel.swift in Sources */,
				B2698E0C2C08F62D00E96520 /* ToDoListView.swift in Sources */,
				B2698E122C08F64700E96520 /* RegisterView.swift in Sources */,
				B2698E1C2C08F78000E96520 /* ProfileViewViewModel.swift in Sources */,
				B2698E0A2C08F61800E96520 /* ProfileView.swift in Sources */,
				B2698E162C08F6F600E96520 /* User.swift in Sources */,
				B2698E142C08F67200E96520 /* ToDoListItemView.swift in Sources */,
				B2698E1E2C08F78A00E96520 /* ToDoListViewViewModel.swift in Sources */,
				B2698E222C08F79E00E96520 /* LoginViewViewModel.swift in Sources */,
				B2EAA1482C08EEFA00A0C1DD /* TodoListApp.swift in Sources */,
				B2698E182C08F70300E96520 /* ToDoListItem.swift in Sources */,
				B2698E0E2C08F63700E96520 /* NewItemView.swift in Sources */,
				B2698E202C08F79300E96520 /* NewItemViewViewModel.swift in Sources */,
				B2698E262C08F7B100E96520 /* ToDoListItemViewViewModel.swift in Sources */,
			);
			runOnlyForDeploymentPostprocessing = 0;
		};
/* End PBXSourcesBuildPhase section */

/* Begin XCBuildConfiguration section */
		B2EAA1502C08EEFA00A0C1DD /* Debug */ = {
			isa = XCBuildConfiguration;
			buildSettings = {
				ALWAYS_SEARCH_USER_PATHS = NO;
				ASSETCATALOG_COMPILER_GENERATE_SWIFT_ASSET_SYMBOL_EXTENSIONS = YES;
				CLANG_ANALYZER_NONNULL = YES;
				CLANG_ANALYZER_NUMBER_OBJECT_CONVERSION = YES_AGGRESSIVE;
				CLANG_CXX_LANGUAGE_STANDARD = "gnu++20";
				CLANG_ENABLE_MODULES = YES;
				CLANG_ENABLE_OBJC_ARC = YES;
				CLANG_ENABLE_OBJC_WEAK = YES;
				CLANG_WARN_BLOCK_CAPTURE_AUTORELEASING = YES;
				CLANG_WARN_BOOL_CONVERSION = YES;
				CLANG_WARN_COMMA = YES;
				CLANG_WARN_CONSTANT_CONVERSION = YES;
				CLANG_WARN_DEPRECATED_OBJC_IMPLEMENTATIONS = YES;
				CLANG_WARN_DIRECT_OBJC_ISA_USAGE = YES_ERROR;
				CLANG_WARN_DOCUMENTATION_COMMENTS = YES;
				CLANG_WARN_EMPTY_BODY = YES;
				CLANG_WARN_ENUM_CONVERSION = YES;
				CLANG_WARN_INFINITE_RECURSION = YES;
				CLANG_WARN_INT_CONVERSION = YES;
				CLANG_WARN_NON_LITERAL_NULL_CONVERSION = YES;
				CLANG_WARN_OBJC_IMPLICIT_RETAIN_SELF = YES;
				CLANG_WARN_OBJC_LITERAL_CONVERSION = YES;
				CLANG_WARN_OBJC_ROOT_CLASS = YES_ERROR;
				CLANG_WARN_QUOTED_INCLUDE_IN_FRAMEWORK_HEADER = YES;
				CLANG_WARN_RANGE_LOOP_ANALYSIS = YES;
				CLANG_WARN_STRICT_PROTOTYPES = YES;
				CLANG_WARN_SUSPICIOUS_MOVE = YES;
				CLANG_WARN_UNGUARDED_AVAILABILITY = YES_AGGRESSIVE;
				CLANG_WARN_UNREACHABLE_CODE = YES;
				CLANG_WARN__DUPLICATE_METHOD_MATCH = YES;
				COPY_PHASE_STRIP = NO;
				DEBUG_INFORMATION_FORMAT = dwarf;
				ENABLE_STRICT_OBJC_MSGSEND = YES;
				ENABLE_TESTABILITY = YES;
				ENABLE_USER_SCRIPT_SANDBOXING = YES;
				GCC_C_LANGUAGE_STANDARD = gnu17;
				GCC_DYNAMIC_NO_PIC = NO;
				GCC_NO_COMMON_BLOCKS = YES;
				GCC_OPTIMIZATION_LEVEL = 0;
				GCC_PREPROCESSOR_DEFINITIONS = (
					"DEBUG=1",
					"$(inherited)",
				);
				GCC_WARN_64_TO_32_BIT_CONVERSION = YES;
				GCC_WARN_ABOUT_RETURN_TYPE = YES_ERROR;
				GCC_WARN_UNDECLARED_SELECTOR = YES;
				GCC_WARN_UNINITIALIZED_AUTOS = YES_AGGRESSIVE;
				GCC_WARN_UNUSED_FUNCTION = YES;
				GCC_WARN_UNUSED_VARIABLE = YES;
				IPHONEOS_DEPLOYMENT_TARGET = 17.5;
				LOCALIZATION_PREFERS_STRING_CATALOGS = YES;
				MTL_ENABLE_DEBUG_INFO = INCLUDE_SOURCE;
				MTL_FAST_MATH = YES;
				ONLY_ACTIVE_ARCH = YES;
				SDKROOT = iphoneos;
				SWIFT_ACTIVE_COMPILATION_CONDITIONS = "DEBUG $(inherited)";
				SWIFT_OPTIMIZATION_LEVEL = "-Onone";
			};
			name = Debug;
		};
		B2EAA1512C08EEFA00A0C1DD /* Release */ = {
			isa = XCBuildConfiguration;
			buildSettings = {
				ALWAYS_SEARCH_USER_PATHS = NO;
				ASSETCATALOG_COMPILER_GENERATE_SWIFT_ASSET_SYMBOL_EXTENSIONS = YES;
				CLANG_ANALYZER_NONNULL = YES;
				CLANG_ANALYZER_NUMBER_OBJECT_CONVERSION = YES_AGGRESSIVE;
				CLANG_CXX_LANGUAGE_STANDARD = "gnu++20";
				CLANG_ENABLE_MODULES = YES;
				CLANG_ENABLE_OBJC_ARC = YES;
				CLANG_ENABLE_OBJC_WEAK = YES;
				CLANG_WARN_BLOCK_CAPTURE_AUTORELEASING = YES;
				CLANG_WARN_BOOL_CONVERSION = YES;
				CLANG_WARN_COMMA = YES;
				CLANG_WARN_CONSTANT_CONVERSION = YES;
				CLANG_WARN_DEPRECATED_OBJC_IMPLEMENTATIONS = YES;
				CLANG_WARN_DIRECT_OBJC_ISA_USAGE = YES_ERROR;
				CLANG_WARN_DOCUMENTATION_COMMENTS = YES;
				CLANG_WARN_EMPTY_BODY = YES;
				CLANG_WARN_ENUM_CONVERSION = YES;
				CLANG_WARN_INFINITE_RECURSION = YES;
				CLANG_WARN_INT_CONVERSION = YES;
				CLANG_WARN_NON_LITERAL_NULL_CONVERSION = YES;
				CLANG_WARN_OBJC_IMPLICIT_RETAIN_SELF = YES;
				CLANG_WARN_OBJC_LITERAL_CONVERSION = YES;
				CLANG_WARN_OBJC_ROOT_CLASS = YES_ERROR;
				CLANG_WARN_QUOTED_INCLUDE_IN_FRAMEWORK_HEADER = YES;
				CLANG_WARN_RANGE_LOOP_ANALYSIS = YES;
				CLANG_WARN_STRICT_PROTOTYPES = YES;
				CLANG_WARN_SUSPICIOUS_MOVE = YES;
				CLANG_WARN_UNGUARDED_AVAILABILITY = YES_AGGRESSIVE;
				CLANG_WARN_UNREACHABLE_CODE = YES;
				CLANG_WARN__DUPLICATE_METHOD_MATCH = YES;
				COPY_PHASE_STRIP = NO;
				DEBUG_INFORMATION_FORMAT = "dwarf-with-dsym";
				ENABLE_NS_ASSERTIONS = NO;
				ENABLE_STRICT_OBJC_MSGSEND = YES;
				ENABLE_USER_SCRIPT_SANDBOXING = YES;
				GCC_C_LANGUAGE_STANDARD = gnu17;
				GCC_NO_COMMON_BLOCKS = YES;
				GCC_WARN_64_TO_32_BIT_CONVERSION = YES;
				GCC_WARN_ABOUT_RETURN_TYPE = YES_ERROR;
				GCC_WARN_UNDECLARED_SELECTOR = YES;
				GCC_WARN_UNINITIALIZED_AUTOS = YES_AGGRESSIVE;
				GCC_WARN_UNUSED_FUNCTION = YES;
				GCC_WARN_UNUSED_VARIABLE = YES;
				IPHONEOS_DEPLOYMENT_TARGET = 17.5;
				LOCALIZATION_PREFERS_STRING_CATALOGS = YES;
				MTL_ENABLE_DEBUG_INFO = NO;
				MTL_FAST_MATH = YES;
				SDKROOT = iphoneos;
				SWIFT_COMPILATION_MODE = wholemodule;
				VALIDATE_PRODUCT = YES;
			};
			name = Release;
		};
		B2EAA1532C08EEFA00A0C1DD /* Debug */ = {
			isa = XCBuildConfiguration;
			buildSettings = {
				ASSETCATALOG_COMPILER_APPICON_NAME = AppIcon;
				ASSETCATALOG_COMPILER_GLOBAL_ACCENT_COLOR_NAME = AccentColor;
				CODE_SIGN_STYLE = Automatic;
				CURRENT_PROJECT_VERSION = 1;
				DEVELOPMENT_ASSET_PATHS = "\"TodoList/Preview Content\"";
				DEVELOPMENT_TEAM = AAK94SL5LL;
				ENABLE_PREVIEWS = YES;
				GENERATE_INFOPLIST_FILE = YES;
				INFOPLIST_KEY_CFBundleDisplayName = "ToDo List";
				INFOPLIST_KEY_UIApplicationSceneManifest_Generation = YES;
				INFOPLIST_KEY_UIApplicationSupportsIndirectInputEvents = YES;
				INFOPLIST_KEY_UILaunchScreen_Generation = YES;
				INFOPLIST_KEY_UISupportedInterfaceOrientations = UIInterfaceOrientationPortrait;
				INFOPLIST_KEY_UISupportedInterfaceOrientations_iPad = "UIInterfaceOrientationPortrait UIInterfaceOrientationPortraitUpsideDown";
				LD_RUNPATH_SEARCH_PATHS = (
					"$(inherited)",
					"@executable_path/Frameworks",
				);
				MARKETING_VERSION = 1.0;
				PRODUCT_BUNDLE_IDENTIFIER = benhaas.TodoList;
				PRODUCT_NAME = "$(TARGET_NAME)";
				SWIFT_EMIT_LOC_STRINGS = YES;
				SWIFT_VERSION = 5.0;
				TARGETED_DEVICE_FAMILY = "1,2";
			};
			name = Debug;
		};
		B2EAA1542C08EEFA00A0C1DD /* Release */ = {
			isa = XCBuildConfiguration;
			buildSettings = {
				ASSETCATALOG_COMPILER_APPICON_NAME = AppIcon;
				ASSETCATALOG_COMPILER_GLOBAL_ACCENT_COLOR_NAME = AccentColor;
				CODE_SIGN_STYLE = Automatic;
				CURRENT_PROJECT_VERSION = 1;
				DEVELOPMENT_ASSET_PATHS = "\"TodoList/Preview Content\"";
				DEVELOPMENT_TEAM = AAK94SL5LL;
				ENABLE_PREVIEWS = YES;
				GENERATE_INFOPLIST_FILE = YES;
				INFOPLIST_KEY_CFBundleDisplayName = "ToDo List";
				INFOPLIST_KEY_UIApplicationSceneManifest_Generation = YES;
				INFOPLIST_KEY_UIApplicationSupportsIndirectInputEvents = YES;
				INFOPLIST_KEY_UILaunchScreen_Generation = YES;
				INFOPLIST_KEY_UISupportedInterfaceOrientations = UIInterfaceOrientationPortrait;
				INFOPLIST_KEY_UISupportedInterfaceOrientations_iPad = "UIInterfaceOrientationPortrait UIInterfaceOrientationPortraitUpsideDown";
				LD_RUNPATH_SEARCH_PATHS = (
					"$(inherited)",
					"@executable_path/Frameworks",
				);
				MARKETING_VERSION = 1.0;
				PRODUCT_BUNDLE_IDENTIFIER = benhaas.TodoList;
				PRODUCT_NAME = "$(TARGET_NAME)";
				SWIFT_EMIT_LOC_STRINGS = YES;
				SWIFT_VERSION = 5.0;
				TARGETED_DEVICE_FAMILY = "1,2";
			};
			name = Release;
		};
/* End XCBuildConfiguration section */

/* Begin XCConfigurationList section */
		B2EAA13F2C08EEFA00A0C1DD /* Build configuration list for PBXProject "TodoList" */ = {
			isa = XCConfigurationList;
			buildConfigurations = (
				B2EAA1502C08EEFA00A0C1DD /* Debug */,
				B2EAA1512C08EEFA00A0C1DD /* Release */,
			);
			defaultConfigurationIsVisible = 0;
			defaultConfigurationName = Release;
		};
		B2EAA1522C08EEFA00A0C1DD /* Build configuration list for PBXNativeTarget "TodoList" */ = {
			isa = XCConfigurationList;
			buildConfigurations = (
				B2EAA1532C08EEFA00A0C1DD /* Debug */,
				B2EAA1542C08EEFA00A0C1DD /* Release */,
			);
			defaultConfigurationIsVisible = 0;
			defaultConfigurationName = Release;
		};
/* End XCConfigurationList section */

/* Begin XCRemoteSwiftPackageReference section */
		B2698DFC2C08F1EA00E96520 /* XCRemoteSwiftPackageReference "firebase-ios-sdk" */ = {
			isa = XCRemoteSwiftPackageReference;
			repositoryURL = "https://github.com/firebase/firebase-ios-sdk";
			requirement = {
				kind = upToNextMajorVersion;
				minimumVersion = 10.27.0;
			};
		};
/* End XCRemoteSwiftPackageReference section */

/* Begin XCSwiftPackageProductDependency section */
		B2698DFD2C08F1EA00E96520 /* FirebaseAuth */ = {
			isa = XCSwiftPackageProductDependency;
			package = B2698DFC2C08F1EA00E96520 /* XCRemoteSwiftPackageReference "firebase-ios-sdk" */;
			productName = FirebaseAuth;
		};
		B2698DFF2C08F1EA00E96520 /* FirebaseFirestore */ = {
			isa = XCSwiftPackageProductDependency;
			package = B2698DFC2C08F1EA00E96520 /* XCRemoteSwiftPackageReference "firebase-ios-sdk" */;
			productName = FirebaseFirestore;
		};
		B2698E012C08F1EA00E96520 /* FirebaseFirestoreSwift */ = {
			isa = XCSwiftPackageProductDependency;
			package = B2698DFC2C08F1EA00E96520 /* XCRemoteSwiftPackageReference "firebase-ios-sdk" */;
			productName = FirebaseFirestoreSwift;
		};
/* End XCSwiftPackageProductDependency section */
	};
	rootObject = B2EAA13C2C08EEFA00A0C1DD /* Project object */;
}
